
Microsoft Visual Studio Solution File, Format Version 12.00
# Visual Studio Version 16
VisualStudioVersion = 16.0.30517.126
MinimumVisualStudioVersion = 10.0.40219.1
Project("{9A19103F-16F7-4668-BE54-9A1E7A4F7556}") = "FrameworkEventListener", "FrameworkEventListener\FrameworkEventListener.csproj", "{7ED645BA-F7CE-4FB5-96C6-D482F34AF7B7}"
EndProject
Project("{FAE04EC0-301F-11D3-BF4B-00C04F79EFBC}") = "XUnitTestProject1", "XUnitTestProject1\XUnitTestProject1.csproj", "{F5B04B0D-A31B-4164-84C3-234B87811CC6}"
EndProject
Global
	GlobalSection(SolutionConfigurationPlatforms) = preSolution
		Debug|Any CPU = Debug|Any CPU
		Release|Any CPU = Release|Any CPU
	EndGlobalSection
	GlobalSection(ProjectConfigurationPlatforms) = postSolution
		{7ED645BA-F7CE-4FB5-96C6-D482F34AF7B7}.Debug|Any CPU.ActiveCfg = Debug|Any CPU
		{7ED645BA-F7CE-4FB5-96C6-D482F34AF7B7}.Debug|Any CPU.Build.0 = Debug|Any CPU
		{7ED645BA-F7CE-4FB5-96C6-D482F34AF7B7}.Release|Any CPU.ActiveCfg = Release|Any CPU
		{7ED645BA-F7CE-4FB5-96C6-D482F34AF7B7}.Release|Any CPU.Build.0 = Release|Any CPU
		{F5B04B0D-A31B-4164-84C3-234B87811CC6}.Debug|Any CPU.ActiveCfg = Debug|Any CPU
		{F5B04B0D-A31B-4164-84C3-234B87811CC6}.Debug|Any CPU.Build.0 = Debug|Any CPU
		{F5B04B0D-A31B-4164-84C3-234B87811CC6}.Release|Any CPU.ActiveCfg = Release|Any CPU
		{F5B04B0D-A31B-4164-84C3-234B87811CC6}.Release|Any CPU.Build.0 = Release|Any CPU
	EndGlobalSection
	GlobalSection(SolutionProperties) = preSolution
		HideSolutionNode = FALSE
	EndGlobalSection
	GlobalSection(ExtensibilityGlobals) = postSolution
		SolutionGuid = {A20B9E45-E58E-4AB1-80D7-C0B6E1AD6AEF}
	EndGlobalSection
EndGlobal
